
Microsoft Visual Studio Solution File, Format Version 12.00
# Visual Studio Version 17
VisualStudioVersion = 17.9.34728.123
MinimumVisualStudioVersion = 10.0.40219.1
Project("{FAE04EC0-301F-11D3-BF4B-00C04F79EFBC}") = "practico4maui", "practico4maui.csproj", "{0D48F327-D09C-47C6-A24C-73B9994959F7}"
EndProject
Global
	GlobalSection(SolutionConfigurationPlatforms) = preSolution
		Debug|Any CPU = Debug|Any CPU
		Release|Any CPU = Release|Any CPU
	EndGlobalSection
	GlobalSection(ProjectConfigurationPlatforms) = postSolution
		{0D48F327-D09C-47C6-A24C-73B9994959F7}.Debug|Any CPU.ActiveCfg = Debug|Any CPU
		{0D48F327-D09C-47C6-A24C-73B9994959F7}.Debug|Any CPU.Build.0 = Debug|Any CPU
		{0D48F327-D09C-47C6-A24C-73B9994959F7}.Debug|Any CPU.Deploy.0 = Debug|Any CPU
		{0D48F327-D09C-47C6-A24C-73B9994959F7}.Release|Any CPU.ActiveCfg = Release|Any CPU
		{0D48F327-D09C-47C6-A24C-73B9994959F7}.Release|Any CPU.Build.0 = Release|Any CPU
		{0D48F327-D09C-47C6-A24C-73B9994959F7}.Release|Any CPU.Deploy.0 = Release|Any CPU
	EndGlobalSection
	GlobalSection(SolutionProperties) = preSolution
		HideSolutionNode = FALSE
	EndGlobalSection
	GlobalSection(ExtensibilityGlobals) = postSolution
		SolutionGuid = {42F8C915-F593-4E56-BDE8-DE32395C9AF2}
	EndGlobalSection
EndGlobal
